
Microsoft Visual Studio Solution File, Format Version 12.00
# Visual Studio Version 16
VisualStudioVersion = 16.0.30406.217
MinimumVisualStudioVersion = 10.0.40219.1
Project("{9A19103F-16F7-4668-BE54-9A1E7A4F7556}") = "NRestGen", "NRestGen\NRestGen.csproj", "{037649EC-3B83-4295-B00B-4750D667A4D2}"
EndProject
Project("{9A19103F-16F7-4668-BE54-9A1E7A4F7556}") = "NRestGen.Tests", "NRestGen.Tests\NRestGen.Tests.csproj", "{627FCAE5-EAF7-4A10-A2C0-0AAE765EA02E}"
EndProject
Project("{2150E333-8FDC-42A3-9474-1A3956D46DE8}") = "Solution Items", "Solution Items", "{5EB16470-1748-4B62-97AD-888C72892041}"
	ProjectSection(SolutionItems) = preProject
		.editorconfig = .editorconfig
		..\..\README.md = ..\..\README.md
	EndProjectSection
EndProject
Project("{2150E333-8FDC-42A3-9474-1A3956D46DE8}") = "TextTemplates", "TextTemplates", "{8F3418E9-ABA4-4BFF-B7C6-99CE148C8FD2}"
	ProjectSection(SolutionItems) = preProject
		..\TextTemplates\NRestGen.tt = ..\TextTemplates\NRestGen.tt
	EndProjectSection
EndProject
Project("{9A19103F-16F7-4668-BE54-9A1E7A4F7556}") = "NRestGen.Web", "NRestGen.Web\NRestGen.Web.csproj", "{DFE8FD90-1EDC-48E6-81AA-F4D6A18193ED}"
EndProject
Project("{FAE04EC0-301F-11D3-BF4B-00C04F79EFBC}") = "NRestGen.TextTemplate", "NRestGen.TextTemplate\NRestGen.TextTemplate.csproj", "{212E3B39-6D0F-4225-A047-01F12F272F60}"
EndProject
Project("{FAE04EC0-301F-11D3-BF4B-00C04F79EFBC}") = "NRestGen.TextTemplate.Tests", "NRestGen.TextTemplate.Tests\NRestGen.TextTemplate.Tests.csproj", "{9235D6CA-A115-45D5-B4F6-35E470ACD02F}"
EndProject
Project("{FAE04EC0-301F-11D3-BF4B-00C04F79EFBC}") = "NRestGen.Mediatr", "NRestGen.Mediatr\NRestGen.Mediatr.csproj", "{93D7E25A-1D33-40B7-B9A0-A8EB6FC2DEBB}"
EndProject
Global
	GlobalSection(SolutionConfigurationPlatforms) = preSolution
		Debug|Any CPU = Debug|Any CPU
		Release|Any CPU = Release|Any CPU
	EndGlobalSection
	GlobalSection(ProjectConfigurationPlatforms) = postSolution
		{037649EC-3B83-4295-B00B-4750D667A4D2}.Debug|Any CPU.ActiveCfg = Debug|Any CPU
		{037649EC-3B83-4295-B00B-4750D667A4D2}.Debug|Any CPU.Build.0 = Debug|Any CPU
		{037649EC-3B83-4295-B00B-4750D667A4D2}.Release|Any CPU.ActiveCfg = Release|Any CPU
		{037649EC-3B83-4295-B00B-4750D667A4D2}.Release|Any CPU.Build.0 = Release|Any CPU
		{627FCAE5-EAF7-4A10-A2C0-0AAE765EA02E}.Debug|Any CPU.ActiveCfg = Debug|Any CPU
		{627FCAE5-EAF7-4A10-A2C0-0AAE765EA02E}.Debug|Any CPU.Build.0 = Debug|Any CPU
		{627FCAE5-EAF7-4A10-A2C0-0AAE765EA02E}.Release|Any CPU.ActiveCfg = Release|Any CPU
		{627FCAE5-EAF7-4A10-A2C0-0AAE765EA02E}.Release|Any CPU.Build.0 = Release|Any CPU
		{DFE8FD90-1EDC-48E6-81AA-F4D6A18193ED}.Debug|Any CPU.ActiveCfg = Debug|Any CPU
		{DFE8FD90-1EDC-48E6-81AA-F4D6A18193ED}.Debug|Any CPU.Build.0 = Debug|Any CPU
		{DFE8FD90-1EDC-48E6-81AA-F4D6A18193ED}.Release|Any CPU.ActiveCfg = Release|Any CPU
		{DFE8FD90-1EDC-48E6-81AA-F4D6A18193ED}.Release|Any CPU.Build.0 = Release|Any CPU
		{212E3B39-6D0F-4225-A047-01F12F272F60}.Debug|Any CPU.ActiveCfg = Debug|Any CPU
		{212E3B39-6D0F-4225-A047-01F12F272F60}.Debug|Any CPU.Build.0 = Debug|Any CPU
		{212E3B39-6D0F-4225-A047-01F12F272F60}.Release|Any CPU.ActiveCfg = Release|Any CPU
		{212E3B39-6D0F-4225-A047-01F12F272F60}.Release|Any CPU.Build.0 = Release|Any CPU
		{9235D6CA-A115-45D5-B4F6-35E470ACD02F}.Debug|Any CPU.ActiveCfg = Debug|Any CPU
		{9235D6CA-A115-45D5-B4F6-35E470ACD02F}.Debug|Any CPU.Build.0 = Debug|Any CPU
		{9235D6CA-A115-45D5-B4F6-35E470ACD02F}.Release|Any CPU.ActiveCfg = Release|Any CPU
		{9235D6CA-A115-45D5-B4F6-35E470ACD02F}.Release|Any CPU.Build.0 = Release|Any CPU
		{93D7E25A-1D33-40B7-B9A0-A8EB6FC2DEBB}.Debug|Any CPU.ActiveCfg = Debug|Any CPU
		{93D7E25A-1D33-40B7-B9A0-A8EB6FC2DEBB}.Debug|Any CPU.Build.0 = Debug|Any CPU
		{93D7E25A-1D33-40B7-B9A0-A8EB6FC2DEBB}.Release|Any CPU.ActiveCfg = Release|Any CPU
		{93D7E25A-1D33-40B7-B9A0-A8EB6FC2DEBB}.Release|Any CPU.Build.0 = Release|Any CPU
	EndGlobalSection
	GlobalSection(SolutionProperties) = preSolution
		HideSolutionNode = FALSE
	EndGlobalSection
	GlobalSection(ExtensibilityGlobals) = postSolution
		SolutionGuid = {54D07A62-3827-4130-A666-CFEE8E9A2EAB}
	EndGlobalSection
EndGlobal
